
Microsoft Visual Studio Solution File, Format Version 12.00
# Visual Studio Version 17
VisualStudioVersion = 17.1.32421.90
MinimumVisualStudioVersion = 10.0.40219.1
Project("{9A19103F-16F7-4668-BE54-9A1E7A4F7556}") = "UserRegistration", "UserRegistration.csproj", "{C3EB28A3-4BC1-4F13-8193-A5BF5250AD22}"
EndProject
Project("{FAE04EC0-301F-11D3-BF4B-00C04F79EFBC}") = "Junit", "Junit\Junit.csproj", "{0FE6646E-7F05-4D9E-A5D9-057FD029A5C1}"
EndProject
Global
	GlobalSection(SolutionConfigurationPlatforms) = preSolution
		Debug|Any CPU = Debug|Any CPU
		Release|Any CPU = Release|Any CPU
	EndGlobalSection
	GlobalSection(ProjectConfigurationPlatforms) = postSolution
		{C3EB28A3-4BC1-4F13-8193-A5BF5250AD22}.Debug|Any CPU.ActiveCfg = Debug|Any CPU
		{C3EB28A3-4BC1-4F13-8193-A5BF5250AD22}.Debug|Any CPU.Build.0 = Debug|Any CPU
		{C3EB28A3-4BC1-4F13-8193-A5BF5250AD22}.Release|Any CPU.ActiveCfg = Release|Any CPU
		{C3EB28A3-4BC1-4F13-8193-A5BF5250AD22}.Release|Any CPU.Build.0 = Release|Any CPU
		{0FE6646E-7F05-4D9E-A5D9-057FD029A5C1}.Debug|Any CPU.ActiveCfg = Debug|Any CPU
		{0FE6646E-7F05-4D9E-A5D9-057FD029A5C1}.Debug|Any CPU.Build.0 = Debug|Any CPU
		{0FE6646E-7F05-4D9E-A5D9-057FD029A5C1}.Release|Any CPU.ActiveCfg = Release|Any CPU
		{0FE6646E-7F05-4D9E-A5D9-057FD029A5C1}.Release|Any CPU.Build.0 = Release|Any CPU
	EndGlobalSection
	GlobalSection(SolutionProperties) = preSolution
		HideSolutionNode = FALSE
	EndGlobalSection
	GlobalSection(ExtensibilityGlobals) = postSolution
		SolutionGuid = {669B9D51-7586-4841-8D7F-65B6AE83EE8A}
	EndGlobalSection
EndGlobal
